
Microsoft Visual Studio Solution File, Format Version 12.00
# Visual Studio Version 17
VisualStudioVersion = 17.14.36121.58 d17.14
MinimumVisualStudioVersion = 10.0.40219.1
Project("{FAE04EC0-301F-11D3-BF4B-00C04F79EFBC}") = "Liboqs_implementation", "Liboqs_implementation\Liboqs_implementation.csproj", "{3C4AE2E7-2F79-4C2D-8236-0BB39729EB21}"
EndProject
Global
	GlobalSection(SolutionConfigurationPlatforms) = preSolution
		Debug|Any CPU = Debug|Any CPU
		Release|Any CPU = Release|Any CPU
	EndGlobalSection
	GlobalSection(ProjectConfigurationPlatforms) = postSolution
		{3C4AE2E7-2F79-4C2D-8236-0BB39729EB21}.Debug|Any CPU.ActiveCfg = Debug|Any CPU
		{3C4AE2E7-2F79-4C2D-8236-0BB39729EB21}.Debug|Any CPU.Build.0 = Debug|Any CPU
		{3C4AE2E7-2F79-4C2D-8236-0BB39729EB21}.Release|Any CPU.ActiveCfg = Release|Any CPU
		{3C4AE2E7-2F79-4C2D-8236-0BB39729EB21}.Release|Any CPU.Build.0 = Release|Any CPU
	EndGlobalSection
	GlobalSection(SolutionProperties) = preSolution
		HideSolutionNode = FALSE
	EndGlobalSection
	GlobalSection(ExtensibilityGlobals) = postSolution
		SolutionGuid = {AC66F450-8BD9-429B-9C44-08E210F12EA0}
	EndGlobalSection
EndGlobal
